
Microsoft Visual Studio Solution File, Format Version 12.00
# Visual Studio Version 16
VisualStudioVersion = 16.0.29209.62
MinimumVisualStudioVersion = 10.0.40219.1
Project("{FAE04EC0-301F-11D3-BF4B-00C04F79EFBC}") = "arraysAndLists", "arraysAndLists\arraysAndLists.csproj", "{90183057-67BF-4FCB-8EAC-72817309A50F}"
EndProject
Global
	GlobalSection(SolutionConfigurationPlatforms) = preSolution
		Debug|Any CPU = Debug|Any CPU
		Release|Any CPU = Release|Any CPU
	EndGlobalSection
	GlobalSection(ProjectConfigurationPlatforms) = postSolution
		{90183057-67BF-4FCB-8EAC-72817309A50F}.Debug|Any CPU.ActiveCfg = Debug|Any CPU
		{90183057-67BF-4FCB-8EAC-72817309A50F}.Debug|Any CPU.Build.0 = Debug|Any CPU
		{90183057-67BF-4FCB-8EAC-72817309A50F}.Release|Any CPU.ActiveCfg = Release|Any CPU
		{90183057-67BF-4FCB-8EAC-72817309A50F}.Release|Any CPU.Build.0 = Release|Any CPU
	EndGlobalSection
	GlobalSection(SolutionProperties) = preSolution
		HideSolutionNode = FALSE
	EndGlobalSection
	GlobalSection(ExtensibilityGlobals) = postSolution
		SolutionGuid = {E66C05E8-B9AB-45EA-B2E4-E2C5B6E94A5A}
	EndGlobalSection
EndGlobal
