
Microsoft Visual Studio Solution File, Format Version 12.00
# Visual Studio Version 16
VisualStudioVersion = 16.0.29209.62
MinimumVisualStudioVersion = 10.0.40219.1
Project("{FAE04EC0-301F-11D3-BF4B-00C04F79EFBC}") = "MathandComparisons", "MathandComparisons\MathandComparisons.csproj", "{91D1FF34-FB34-4A4C-AE46-28B9E2D88451}"
EndProject
Global
	GlobalSection(SolutionConfigurationPlatforms) = preSolution
		Debug|Any CPU = Debug|Any CPU
		Release|Any CPU = Release|Any CPU
	EndGlobalSection
	GlobalSection(ProjectConfigurationPlatforms) = postSolution
		{91D1FF34-FB34-4A4C-AE46-28B9E2D88451}.Debug|Any CPU.ActiveCfg = Debug|Any CPU
		{91D1FF34-FB34-4A4C-AE46-28B9E2D88451}.Debug|Any CPU.Build.0 = Debug|Any CPU
		{91D1FF34-FB34-4A4C-AE46-28B9E2D88451}.Release|Any CPU.ActiveCfg = Release|Any CPU
		{91D1FF34-FB34-4A4C-AE46-28B9E2D88451}.Release|Any CPU.Build.0 = Release|Any CPU
	EndGlobalSection
	GlobalSection(SolutionProperties) = preSolution
		HideSolutionNode = FALSE
	EndGlobalSection
	GlobalSection(ExtensibilityGlobals) = postSolution
		SolutionGuid = {1A9D6877-90A3-4BDC-9944-F987EAA20B5F}
	EndGlobalSection
EndGlobal
