
Microsoft Visual Studio Solution File, Format Version 12.00
# Visual Studio Version 16
VisualStudioVersion = 16.0.29209.62
MinimumVisualStudioVersion = 10.0.40219.1
Project("{FAE04EC0-301F-11D3-BF4B-00C04F79EFBC}") = "step120", "step120\step120.csproj", "{4550582A-E4D3-49D7-835D-5BB2362D9487}"
EndProject
Global
	GlobalSection(SolutionConfigurationPlatforms) = preSolution
		Debug|Any CPU = Debug|Any CPU
		Release|Any CPU = Release|Any CPU
	EndGlobalSection
	GlobalSection(ProjectConfigurationPlatforms) = postSolution
		{4550582A-E4D3-49D7-835D-5BB2362D9487}.Debug|Any CPU.ActiveCfg = Debug|Any CPU
		{4550582A-E4D3-49D7-835D-5BB2362D9487}.Debug|Any CPU.Build.0 = Debug|Any CPU
		{4550582A-E4D3-49D7-835D-5BB2362D9487}.Release|Any CPU.ActiveCfg = Release|Any CPU
		{4550582A-E4D3-49D7-835D-5BB2362D9487}.Release|Any CPU.Build.0 = Release|Any CPU
	EndGlobalSection
	GlobalSection(SolutionProperties) = preSolution
		HideSolutionNode = FALSE
	EndGlobalSection
	GlobalSection(ExtensibilityGlobals) = postSolution
		SolutionGuid = {721AFD14-A585-414E-B23A-D69F6D82268E}
	EndGlobalSection
EndGlobal
